{
  "lockfile_version": "1",
  "packages": {
    "colima@0.8.1": {
      "last_modified": "2025-03-11T17:52:14Z",
      "resolved": "github:NixOS/nixpkgs/0d534853a55b5d02a4ababa1d71921ce8f0aee4c#colima",
      "source": "devbox-search",
      "version": "0.8.1",
      "systems": {
        "aarch64-darwin": {
          "outputs": [
            {
              "name": "out",
              "path": "/nix/store/s75xld3wvg301vmc295zbn1qvx979dxy-colima-0.8.1",
              "default": true
            }
          ],
          "store_path": "/nix/store/s75xld3wvg301vmc295zbn1qvx979dxy-colima-0.8.1"
        },
        "aarch64-linux": {
          "outputs": [
            {
              "name": "out",
              "path": "/nix/store/nyxfzl4b7g4f7v3v3pqf0w7wrmdsglmn-colima-0.8.1",
              "default": true
            }
          ],
          "store_path": "/nix/store/nyxfzl4b7g4f7v3v3pqf0w7wrmdsglmn-colima-0.8.1"
        },
        "x86_64-darwin": {
          "outputs": [
            {
              "name": "out",
              "path": "/nix/store/4yk9wx8c968wqs5f09wdmv63sgq5661b-colima-0.8.1",
              "default": true
            }
          ],
          "store_path": "/nix/store/4yk9wx8c968wqs5f09wdmv63sgq5661b-colima-0.8.1"
        },
        "x86_64-linux": {
          "outputs": [
            {
              "name": "out",
              "path": "/nix/store/c0fzix2l2ry1xv51qcd43kvw4ddvpv2p-colima-0.8.1",
              "default": true
            }
          ],
          "store_path": "/nix/store/c0fzix2l2ry1xv51qcd43kvw4ddvpv2p-colima-0.8.1"
        }
      }
    },
    "docker@27.5.0": {
      "last_modified": "2025-01-22T06:06:04Z",
      "resolved": "github:NixOS/nixpkgs/5757bbb8bd7c0630a0cc4bb19c47e588db30b97c#docker",
      "source": "devbox-search",
      "version": "27.5.0",
      "systems": {
        "aarch64-darwin": {
          "outputs": [
            {
              "name": "out",
              "path": "/nix/store/bav9fyspzl9i9fx6nykb7jqdmr5qwvfz-docker-27.5.0",
              "default": true
            }
          ],
          "store_path": "/nix/store/bav9fyspzl9i9fx6nykb7jqdmr5qwvfz-docker-27.5.0"
        },
        "aarch64-linux": {
          "outputs": [
            {
              "name": "out",
              "path": "/nix/store/v3avgyz1ybih0ai2rhhp8gchxvb4q3yz-docker-27.5.0",
              "default": true
            }
          ],
          "store_path": "/nix/store/v3avgyz1ybih0ai2rhhp8gchxvb4q3yz-docker-27.5.0"
        },
        "x86_64-darwin": {
          "outputs": [
            {
              "name": "out",
              "path": "/nix/store/n966jsfz86wpgddnlc9xniix9zv1vha9-docker-27.5.0",
              "default": true
            }
          ],
          "store_path": "/nix/store/n966jsfz86wpgddnlc9xniix9zv1vha9-docker-27.5.0"
        },
        "x86_64-linux": {
          "outputs": [
            {
              "name": "out",
              "path": "/nix/store/s9g8d3q5l89mp1nqypn1fy7w6amiha88-docker-27.5.0",
              "default": true
            }
          ],
          "store_path": "/nix/store/s9g8d3q5l89mp1nqypn1fy7w6amiha88-docker-27.5.0"
        }
      }
    },
    "github:NixOS/nixpkgs/nixpkgs-unstable": {
      "resolved": "github:NixOS/nixpkgs/b2b0718004cc9a5bca610326de0a82e6ea75920b?lastModified=1744096231&narHash=sha256-kUfx3FKU1Etnua3EaKvpeuXs7zoFiAcli1gBwkPvGSs%3D"
    },
    "go@1.23.4": {
      "last_modified": "2025-01-19T08:16:51Z",
      "resolved": "github:NixOS/nixpkgs/50165c4f7eb48ce82bd063e1fb8047a0f515f8ce#go",
      "source": "devbox-search",
      "version": "1.23.4",
      "systems": {
        "aarch64-darwin": {
          "outputs": [
            {
              "name": "out",
              "path": "/nix/store/lg7l1czmd5hqwwhjszprdz342q98zmkw-go-1.23.4",
              "default": true
            }
          ],
          "store_path": "/nix/store/lg7l1czmd5hqwwhjszprdz342q98zmkw-go-1.23.4"
        },
        "aarch64-linux": {
          "outputs": [
            {
              "name": "out",
              "path": "/nix/store/2x7k6yj9z37s3d3x5j3kkz6bcak8k9qr-go-1.23.4",
              "default": true
            }
          ],
          "store_path": "/nix/store/2x7k6yj9z37s3d3x5j3kkz6bcak8k9qr-go-1.23.4"
        },
        "x86_64-darwin": {
          "outputs": [
            {
              "name": "out",
              "path": "/nix/store/8x0ag0v37rfy9z58a8yy3hakj3dzdr9c-go-1.23.4",
              "default": true
            }
          ],
          "store_path": "/nix/store/8x0ag0v37rfy9z58a8yy3hakj3dzdr9c-go-1.23.4"
        },
        "x86_64-linux": {
          "outputs": [
            {
              "name": "out",
              "path": "/nix/store/0b6vsy4fa4i4qpk1011hi6251nwdg5y8-go-1.23.4",
              "default": true
            }
          ],
          "store_path": "/nix/store/0b6vsy4fa4i4qpk1011hi6251nwdg5y8-go-1.23.4"
        }
      }
    }
  }
}
