{
  "lockfile_version": "1",
  "packages": {
    "colima@latest": {
      "last_modified": "2024-11-22T01:27:12Z",
      "resolved": "github:NixOS/nixpkgs/8edf06bea5bcbee082df1b7369ff973b91618b8d#colima",
      "source": "devbox-search",
      "version": "0.7.6",
      "systems": {
        "aarch64-darwin": {
          "outputs": [
            {
              "name": "out",
              "path": "/nix/store/kl8wns2vpyyihbpqjfhaja7981ccvn7b-colima-0.7.6",
              "default": true
            }
          ],
          "store_path": "/nix/store/kl8wns2vpyyihbpqjfhaja7981ccvn7b-colima-0.7.6"
        },
        "aarch64-linux": {
          "outputs": [
            {
              "name": "out",
              "path": "/nix/store/qns51iwdn5zhcxwvmw24y8dwvbnl8b3b-colima-0.7.6",
              "default": true
            }
          ],
          "store_path": "/nix/store/qns51iwdn5zhcxwvmw24y8dwvbnl8b3b-colima-0.7.6"
        },
        "x86_64-darwin": {
          "outputs": [
            {
              "name": "out",
              "path": "/nix/store/cxinh1q6n102y51xwdgqyarpri0lgis4-colima-0.7.6",
              "default": true
            }
          ],
          "store_path": "/nix/store/cxinh1q6n102y51xwdgqyarpri0lgis4-colima-0.7.6"
        },
        "x86_64-linux": {
          "outputs": [
            {
              "name": "out",
              "path": "/nix/store/g59m3kx0fbn9zacakx8l9i3g2mclkyl7-colima-0.7.6",
              "default": true
            }
          ],
          "store_path": "/nix/store/g59m3kx0fbn9zacakx8l9i3g2mclkyl7-colima-0.7.6"
        }
      }
    },
    "docker@latest": {
      "last_modified": "2024-11-22T01:27:12Z",
      "resolved": "github:NixOS/nixpkgs/8edf06bea5bcbee082df1b7369ff973b91618b8d#docker",
      "source": "devbox-search",
      "version": "27.3.1",
      "systems": {
        "aarch64-darwin": {
          "outputs": [
            {
              "name": "out",
              "path": "/nix/store/v69vm56w9v74ncyz5lccvmb8cvpsmq6p-docker-27.3.1",
              "default": true
            }
          ],
          "store_path": "/nix/store/v69vm56w9v74ncyz5lccvmb8cvpsmq6p-docker-27.3.1"
        },
        "aarch64-linux": {
          "outputs": [
            {
              "name": "out",
              "path": "/nix/store/zhr2pv6124qvwn53fzy8048y002k982l-docker-27.3.1",
              "default": true
            }
          ],
          "store_path": "/nix/store/zhr2pv6124qvwn53fzy8048y002k982l-docker-27.3.1"
        },
        "x86_64-darwin": {
          "outputs": [
            {
              "name": "out",
              "path": "/nix/store/gw7f9j1qabxasvhr5vr10a3knlpjhbam-docker-27.3.1",
              "default": true
            }
          ],
          "store_path": "/nix/store/gw7f9j1qabxasvhr5vr10a3knlpjhbam-docker-27.3.1"
        },
        "x86_64-linux": {
          "outputs": [
            {
              "name": "out",
              "path": "/nix/store/j4y5rj5qhk4qlya02vrxf3rj6402xrr9-docker-27.3.1",
              "default": true
            }
          ],
          "store_path": "/nix/store/j4y5rj5qhk4qlya02vrxf3rj6402xrr9-docker-27.3.1"
        }
      }
    },
    "go@1.23.1": {
      "last_modified": "2024-09-10T15:01:03Z",
      "resolved": "github:NixOS/nixpkgs/5ed627539ac84809c78b2dd6d26a5cebeb5ae269#go_1_23",
      "source": "devbox-search",
      "version": "1.23.1",
      "systems": {
        "aarch64-darwin": {
          "outputs": [
            {
              "name": "out",
              "path": "/nix/store/nvaay1c4banbccyvv6ba1gzyqpypjmfq-go-1.23.1",
              "default": true
            }
          ],
          "store_path": "/nix/store/nvaay1c4banbccyvv6ba1gzyqpypjmfq-go-1.23.1"
        },
        "aarch64-linux": {
          "outputs": [
            {
              "name": "out",
              "path": "/nix/store/9ylsay11jb3p6yarkmlz0fin76cdypwa-go-1.23.1",
              "default": true
            }
          ],
          "store_path": "/nix/store/9ylsay11jb3p6yarkmlz0fin76cdypwa-go-1.23.1"
        },
        "x86_64-darwin": {
          "outputs": [
            {
              "name": "out",
              "path": "/nix/store/zkg5xhyx2rs03dq0qp14nqlx9ff1y5c5-go-1.23.1",
              "default": true
            }
          ],
          "store_path": "/nix/store/zkg5xhyx2rs03dq0qp14nqlx9ff1y5c5-go-1.23.1"
        },
        "x86_64-linux": {
          "outputs": [
            {
              "name": "out",
              "path": "/nix/store/mi0ybwsm6pmxzv9hsm6bcbqaq1pkf8wh-go-1.23.1",
              "default": true
            }
          ],
          "store_path": "/nix/store/mi0ybwsm6pmxzv9hsm6bcbqaq1pkf8wh-go-1.23.1"
        }
      }
    }
  }
}
